github.com/mlavergn/gopack v1.1.0 h1:0wcAznuoYn4NqfGF18GjPiUQc8A5jIQVaS/edW9NMA4=
github.com/mlavergn/gopack v1.1.0/go.mod h1:b76THX+qq4vrek0oCxMRgNA06gcFT9qZ5tHsRfIPoNc=
github.com/mlavergn/rxgo v0.31.0/go.mod h1:3wK078qtsCZDs6SHlQlL71NxHk9FjOchyV9HfKxdsng=
github.com/mlavergn/rxgo v0.32.0 h1:5pjKMEeEmnrAtyEFJsS5Mhp2zr/vzZuMkADGHD2tU8Y=
github.com/mlavergn/rxgo v0.32.0/go.mod h1:3wK078qtsCZDs6SHlQlL71NxHk9FjOchyV9HfKxdsng=
github.com/mlavergn/rxgo v0.35.0 h1:fK2Nl3E4OO69WANmR3+exx5t27/lMPtdfeWMsvrnFlk=
github.com/mlavergn/rxgo v0.35.0/go.mod h1:3wK078qtsCZDs6SHlQlL71NxHk9FjOchyV9HfKxdsng=
github.com/mlavergn/rxgo v1.0.0 h1:pcLql3f9GDw6UVgsppiDXVHciNnHpYj6KTofk2OAS+k=
github.com/mlavergn/rxgo v1.0.0/go.mod h1:zpZaTYH6UX77NRSJBN0BXGReErJDEFFMDov0WA2R5Y0=
