github.com/mlavergn/gopack v1.1.0 h1:0wcAznuoYn4NqfGF18GjPiUQc8A5jIQVaS/edW9NMA4=
github.com/mlavergn/gopack v1.1.0/go.mod h1:b76THX+qq4vrek0oCxMRgNA06gcFT9qZ5tHsRfIPoNc=
github.com/mlavergn/rxgo v0.23.0 h1:zm9KaozSQHcEkRQmgLQO6L8u6uIW99ClcSvBgi2SfL8=
github.com/mlavergn/rxgo v0.23.0/go.mod h1:3wK078qtsCZDs6SHlQlL71NxHk9FjOchyV9HfKxdsng=
